
Microsoft Visual Studio Solution File, Format Version 12.00
# Visual Studio Version 17
VisualStudioVersion = 17.11.35327.3
MinimumVisualStudioVersion = 10.0.40219.1
Project("{FAE04EC0-301F-11D3-BF4B-00C04F79EFBC}") = "LevelCreator", "LevelCreator.csproj", "{0FE01E0C-FE31-4CBA-81C7-7E5F8A8DB041}"
EndProject
Global
	GlobalSection(SolutionConfigurationPlatforms) = preSolution
		Debug|Any CPU = Debug|Any CPU
		Release|Any CPU = Release|Any CPU
	EndGlobalSection
	GlobalSection(ProjectConfigurationPlatforms) = postSolution
		{0FE01E0C-FE31-4CBA-81C7-7E5F8A8DB041}.Debug|Any CPU.ActiveCfg = Debug|Any CPU
		{0FE01E0C-FE31-4CBA-81C7-7E5F8A8DB041}.Debug|Any CPU.Build.0 = Debug|Any CPU
		{0FE01E0C-FE31-4CBA-81C7-7E5F8A8DB041}.Release|Any CPU.ActiveCfg = Release|Any CPU
		{0FE01E0C-FE31-4CBA-81C7-7E5F8A8DB041}.Release|Any CPU.Build.0 = Release|Any CPU
	EndGlobalSection
	GlobalSection(SolutionProperties) = preSolution
		HideSolutionNode = FALSE
	EndGlobalSection
	GlobalSection(ExtensibilityGlobals) = postSolution
		SolutionGuid = {5B82DB54-531A-4AA3-BB7B-F2345411C83A}
	EndGlobalSection
EndGlobal
